{
  "name": "onlypass-sdk",
  "version": "1.0.8",
  "lockfileVersion": 2,
  "requires": true,
  "packages": {
    "": {
      "name": "onlypass-sdk",
      "version": "1.0.8",
      "license": "ISC",
      "dependencies": {
        "onlypass-sdk": "^1.0.1"
      }
    },
    "node_modules/onlypass-sdk": {
      "version": "1.0.1",
      "resolved": "https://registry.npmjs.org/onlypass-sdk/-/onlypass-sdk-1.0.1.tgz",
      "integrity": "sha512-1B9tioR2/lpWwwNczqbjUOMF02EI7fCi1QFtgriRsTHCjo+8Kqny9MQbAqEDcyFWQulOtIkhFH3b7UAA3YuH0g=="
    }
  },
  "dependencies": {
    "onlypass-sdk": {
      "version": "1.0.1",
      "resolved": "https://registry.npmjs.org/onlypass-sdk/-/onlypass-sdk-1.0.1.tgz",
      "integrity": "sha512-1B9tioR2/lpWwwNczqbjUOMF02EI7fCi1QFtgriRsTHCjo+8Kqny9MQbAqEDcyFWQulOtIkhFH3b7UAA3YuH0g=="
    }
  }
}
